# This file is automatically @generated by Cargo.
# It is not intended for manual editing.
version = 3

[[package]]
name = "cedict"
version = "0.3.1"
source = "registry+https://github.com/rust-lang/crates.io-index"
checksum = "a5062aba4a92a900a13d893d8cafeb4c93d1016c8a509b0a1afeab698c193301"

[[package]]
name = "ch-dict"
version = "0.1.0"
dependencies = [
 "cedict",
]
